schema: '2.0'
stages:
  prepare:
    cmd: python3.11 src/prepare.py data/raw data/prepared
    deps:
    - path: data/raw
      hash: md5
      md5: 6d8f0c274829764e1ea1112420825014.dir
      size: 8822930
      nfiles: 1605
    - path: src/prepare.py
      hash: md5
      md5: 3a7bc5e64725e3a6f3257ee9720944ae
      size: 2540
    - path: src/utils/seed.py
      hash: md5
      md5: 963a551c177450f50e4f11bd1a9ab2c7
      size: 437
    params:
      params.yaml:
        prepare:
          seed: 77
          split: 0.2
          image_size:
          - 32
          - 32
          grayscale: true
    outs:
    - path: data/prepared
      hash: md5
      md5: ad673d551c7d3c0a4ec7763cd752749c.dir
      size: 6619330
      nfiles: 8
  train:
    cmd: python3.11 src/train.py data/prepared model
    deps:
    - path: data/prepared
      hash: md5
      md5: ad673d551c7d3c0a4ec7763cd752749c.dir
      size: 6619330
      nfiles: 8
    - path: src/train.py
      hash: md5
      md5: b0049e20b3cae364999e3b472af4dd82
      size: 2528
    - path: src/utils/seed.py
      hash: md5
      md5: 963a551c177450f50e4f11bd1a9ab2c7
      size: 437
    params:
      params.yaml:
        train:
          seed: 77
          lr: 0.0001
          epochs: 5
          conv_size: 32
          dense_size: 64
          output_classes: 11
    outs:
    - path: model
      hash: md5
      md5: 62a914166dad5bac3fb45e17d083c9e2.dir
      size: 2608242
      nfiles: 6
  evaluate:
    cmd: python3.11 src/evaluate.py model data/prepared
    deps:
    - path: model
      hash: md5
      md5: 62a914166dad5bac3fb45e17d083c9e2.dir
      size: 2608242
      nfiles: 6
    - path: src/evaluate.py
      hash: md5
      md5: 669cfed3e68ac240c7e8a1bf168116af
      size: 5142
    outs:
    - path: evaluation/metrics.json
      hash: md5
      md5: 9f4ccaf010c7706b1981c07663dd26f4
      size: 64
    - path: evaluation/plots/confusion_matrix.png
      hash: md5
      md5: 46e76e03dbe60d540a0c8a6427a285c0
      size: 51526
    - path: evaluation/plots/pred_preview.png
      hash: md5
      md5: bf29d5f2a764800670382087f82804b9
      size: 43047
    - path: evaluation/plots/training_history.png
      hash: md5
      md5: 5a66e84c3e8b608cef069c0d7c8f26da
      size: 38642
