schema: '2.0'
stages:
  prepare:
    cmd: python3.11 src/prepare.py data/raw data/prepared
    deps:
    - path: data/raw
      hash: md5
      md5: 6d8f0c274829764e1ea1112420825014.dir
      size: 8822930
      nfiles: 1605
    - path: src/prepare.py
      hash: md5
      md5: 3a7bc5e64725e3a6f3257ee9720944ae
      size: 2540
    - path: src/utils/seed.py
      hash: md5
      md5: 963a551c177450f50e4f11bd1a9ab2c7
      size: 437
    params:
      params.yaml:
        prepare:
          seed: 77
          split: 0.2
          image_size:
          - 32
          - 32
          grayscale: true
    outs:
    - path: data/prepared
      hash: md5
      md5: ad673d551c7d3c0a4ec7763cd752749c.dir
      size: 6619330
      nfiles: 8
  train:
    cmd: python3.11 src/train.py data/prepared model
    deps:
    - path: data/prepared
      hash: md5
      md5: ad673d551c7d3c0a4ec7763cd752749c.dir
      size: 6619330
      nfiles: 8
    - path: src/train.py
      hash: md5
      md5: b0049e20b3cae364999e3b472af4dd82
      size: 2528
    - path: src/utils/seed.py
      hash: md5
      md5: 963a551c177450f50e4f11bd1a9ab2c7
      size: 437
    params:
      params.yaml:
        train:
          seed: 77
          lr: 0.001
          epochs: 20
          conv_size: 64
          dense_size: 128
          output_classes: 11
    outs:
    - path: model
      hash: md5
      md5: 33936975488f38f2b37b0db735cf84d4.dir
      size: 9994835
      nfiles: 6
  evaluate:
    cmd: python3.11 src/evaluate.py model data/prepared
    deps:
    - path: model
      hash: md5
      md5: 33936975488f38f2b37b0db735cf84d4.dir
      size: 9994835
      nfiles: 6
    - path: src/evaluate.py
      hash: md5
      md5: 669cfed3e68ac240c7e8a1bf168116af
      size: 5142
    outs:
    - path: evaluation/metrics.json
      hash: md5
      md5: 4be676c4394121997d72063a5694c79a
      size: 49
    - path: evaluation/plots/confusion_matrix.png
      hash: md5
      md5: ec8f8c084e9da71a7a312a9459940b7a
      size: 41806
    - path: evaluation/plots/pred_preview.png
      hash: md5
      md5: 9c2255d6c8f0b50229aec4abf5a00fb7
      size: 43591
    - path: evaluation/plots/training_history.png
      hash: md5
      md5: 813563d323a9073a5dc6216d3e3c795e
      size: 39417
